// !$*UTF8*$!
{
	archiveVersion = 1;
	classes = {
	};
	objectVersion = 46;
	objects = {

/* Begin PBXBuildFile section */
		772C615BD827556CCC27F733 /* main.swift in Sources */ = {isa = PBXBuildFile; fileRef = 772C6042938B047135739989 /* main.swift */; };
		772C65077C4CE0CAB3DE663E /* natal.swift in Sources */ = {isa = PBXBuildFile; fileRef = 772C64EAD7B697A6D947C6FE /* natal.swift */; };
		772C66BB4C06D1FEC152F36E /* cartaoWeb.swift in Sources */ = {isa = PBXBuildFile; fileRef = 772C6DC0A278BB31E1DD575A /* cartaoWeb.swift */; };
		772C68C3D18ED24E7E770D80 /* diaDosNamorados.swift in Sources */ = {isa = PBXBuildFile; fileRef = 772C65BB15DCA61ABC225379 /* diaDosNamorados.swift */; };
		772C6A308E2A08876A8272FD /* aniversario.swift in Sources */ = {isa = PBXBuildFile; fileRef = 772C646109C8EF35FF1521FB /* aniversario.swift */; };
/* End PBXBuildFile section */

/* Begin PBXCopyFilesBuildPhase section */
		772C679EAE54D1F48907C1C5 /* CopyFiles */ = {
			isa = PBXCopyFilesBuildPhase;
			buildActionMask = 2147483647;
			dstPath = /usr/share/man/man1/;
			dstSubfolderSpec = 0;
			files = (
			);
			runOnlyForDeploymentPostprocessing = 1;
		};
/* End PBXCopyFilesBuildPhase section */

/* Begin PBXFileReference section */
		772C6042938B047135739989 /* main.swift */ = {isa = PBXFileReference; lastKnownFileType = sourcecode.swift; path = main.swift; sourceTree = "<group>"; };
		772C62C971A7AF84A554F956 /* CartaoWeb */ = {isa = PBXFileReference; explicitFileType = "compiled.mach-o.executable"; includeInIndex = 0; path = CartaoWeb; sourceTree = BUILT_PRODUCTS_DIR; };
		772C646109C8EF35FF1521FB /* aniversario.swift */ = {isa = PBXFileReference; fileEncoding = 4; lastKnownFileType = sourcecode.swift; path = aniversario.swift; sourceTree = "<group>"; };
		772C64EAD7B697A6D947C6FE /* natal.swift */ = {isa = PBXFileReference; fileEncoding = 4; lastKnownFileType = sourcecode.swift; path = natal.swift; sourceTree = "<group>"; };
		772C65BB15DCA61ABC225379 /* diaDosNamorados.swift */ = {isa = PBXFileReference; fileEncoding = 4; lastKnownFileType = sourcecode.swift; path = diaDosNamorados.swift; sourceTree = "<group>"; };
		772C6DC0A278BB31E1DD575A /* cartaoWeb.swift */ = {isa = PBXFileReference; fileEncoding = 4; lastKnownFileType = sourcecode.swift; path = cartaoWeb.swift; sourceTree = "<group>"; };
/* End PBXFileReference section */

/* Begin PBXFrameworksBuildPhase section */
		772C6F56F00BE1324D7CC5BC /* Frameworks */ = {
			isa = PBXFrameworksBuildPhase;
			buildActionMask = 2147483647;
			files = (
			);
			runOnlyForDeploymentPostprocessing = 0;
		};
/* End PBXFrameworksBuildPhase section */

/* Begin PBXGroup section */
		772C618FD2BA39C1BABEC09A /* CartaoWeb */ = {
			isa = PBXGroup;
			children = (
				772C6042938B047135739989 /* main.swift */,
				772C6DC0A278BB31E1DD575A /* cartaoWeb.swift */,
				772C64EAD7B697A6D947C6FE /* natal.swift */,
				772C646109C8EF35FF1521FB /* aniversario.swift */,
				772C65BB15DCA61ABC225379 /* diaDosNamorados.swift */,
			);
			path = CartaoWeb;
			sourceTree = "<group>";
		};
		772C67C5D760AF61E2B10D76 /* Products */ = {
			isa = PBXGroup;
			children = (
				772C62C971A7AF84A554F956 /* CartaoWeb */,
			);
			name = Products;
			sourceTree = "<group>";
		};
		772C6D857EDF6E3D1E94E512 = {
			isa = PBXGroup;
			children = (
				772C67C5D760AF61E2B10D76 /* Products */,
				772C618FD2BA39C1BABEC09A /* CartaoWeb */,
			);
			sourceTree = "<group>";
		};
/* End PBXGroup section */

/* Begin PBXNativeTarget section */
		772C61F17521B43344BCF3E2 /* CartaoWeb */ = {
			isa = PBXNativeTarget;
			buildConfigurationList = 772C6532960F4599841D1044 /* Build configuration list for PBXNativeTarget "CartaoWeb" */;
			buildPhases = (
				772C6ADABFE387E090275DA2 /* Sources */,
				772C6F56F00BE1324D7CC5BC /* Frameworks */,
				772C679EAE54D1F48907C1C5 /* CopyFiles */,
			);
			buildRules = (
			);
			dependencies = (
			);
			name = CartaoWeb;
			productName = CartaoWeb;
			productReference = 772C62C971A7AF84A554F956 /* CartaoWeb */;
			productType = "com.apple.product-type.tool";
		};
/* End PBXNativeTarget section */

/* Begin PBXProject section */
		772C605B6BC0F8C6152E3D4E /* Project object */ = {
			isa = PBXProject;
			buildConfigurationList = 772C6C3F32E284782E033AA5 /* Build configuration list for PBXProject "CartaoWeb" */;
			compatibilityVersion = "Xcode 3.2";
			developmentRegion = English;
			hasScannedForEncodings = 0;
			knownRegions = (
				en,
			);
			mainGroup = 772C6D857EDF6E3D1E94E512;
			productRefGroup = 772C67C5D760AF61E2B10D76 /* Products */;
			projectDirPath = "";
			projectRoot = "";
			targets = (
				772C61F17521B43344BCF3E2 /* CartaoWeb */,
			);
		};
/* End PBXProject section */

/* Begin PBXSourcesBuildPhase section */
		772C6ADABFE387E090275DA2 /* Sources */ = {
			isa = PBXSourcesBuildPhase;
			buildActionMask = 2147483647;
			files = (
				772C615BD827556CCC27F733 /* main.swift in Sources */,
				772C66BB4C06D1FEC152F36E /* cartaoWeb.swift in Sources */,
				772C65077C4CE0CAB3DE663E /* natal.swift in Sources */,
				772C6A308E2A08876A8272FD /* aniversario.swift in Sources */,
				772C68C3D18ED24E7E770D80 /* diaDosNamorados.swift in Sources */,
			);
			runOnlyForDeploymentPostprocessing = 0;
		};
/* End PBXSourcesBuildPhase section */

/* Begin XCBuildConfiguration section */
		772C60BFB35866DCE919FFBB /* Debug */ = {
			isa = XCBuildConfiguration;
			buildSettings = {
				ALWAYS_SEARCH_USER_PATHS = NO;
				CLANG_ANALYZER_NONNULL = YES;
				CLANG_ANALYZER_NUMBER_OBJECT_CONVERSION = YES_AGGRESSIVE;
				CLANG_CXX_LANGUAGE_STANDARD = "gnu++20";
				CLANG_ENABLE_MODULES = YES;
				CLANG_ENABLE_OBJC_ARC = YES;
				CLANG_ENABLE_OBJC_WEAK = YES;
				CLANG_WARN_BLOCK_CAPTURE_AUTORELEASING = YES;
				CLANG_WARN_BOOL_CONVERSION = YES;
				CLANG_WARN_COMMA = YES;
				CLANG_WARN_CONSTANT_CONVERSION = YES;
				CLANG_WARN_DEPRECATED_OBJC_IMPLEMENTATIONS = YES;
				CLANG_WARN_DIRECT_OBJC_ISA_USAGE = YES_ERROR;
				CLANG_WARN_DOCUMENTATION_COMMENTS = YES;
				CLANG_WARN_EMPTY_BODY = YES;
				CLANG_WARN_ENUM_CONVERSION = YES;
				CLANG_WARN_INFINITE_RECURSION = YES;
				CLANG_WARN_INT_CONVERSION = YES;
				CLANG_WARN_NON_LITERAL_NULL_CONVERSION = YES;
				CLANG_WARN_OBJC_IMPLICIT_RETAIN_SELF = YES;
				CLANG_WARN_OBJC_LITERAL_CONVERSION = YES;
				CLANG_WARN_OBJC_ROOT_CLASS = YES_ERROR;
				CLANG_WARN_QUOTED_INCLUDE_IN_FRAMEWORK_HEADER = YES;
				CLANG_WARN_RANGE_LOOP_ANALYSIS = YES;
				CLANG_WARN_STRICT_PROTOTYPES = YES;
				CLANG_WARN_SUSPICIOUS_MOVE = YES;
				CLANG_WARN_UNGUARDED_AVAILABILITY = YES_AGGRESSIVE;
				CLANG_WARN_UNREACHABLE_CODE = YES;
				CLANG_WARN__DUPLICATE_METHOD_MATCH = YES;
				COPY_PHASE_STRIP = NO;
				DEBUG_INFORMATION_FORMAT = dwarf;
				ENABLE_STRICT_OBJC_MSGSEND = YES;
				ENABLE_TESTABILITY = YES;
				GCC_C_LANGUAGE_STANDARD = gnu11;
				GCC_DYNAMIC_NO_PIC = NO;
				GCC_NO_COMMON_BLOCKS = YES;
				GCC_OPTIMIZATION_LEVEL = 0;
				GCC_PREPROCESSOR_DEFINITIONS = (
					"DEBUG=1",
					"$(inherited)",
				);
				GCC_WARN_64_TO_32_BIT_CONVERSION = YES;
				GCC_WARN_ABOUT_RETURN_TYPE = YES_ERROR;
				GCC_WARN_UNDECLARED_SELECTOR = YES;
				GCC_WARN_UNINITIALIZED_AUTOS = YES_AGGRESSIVE;
				GCC_WARN_UNUSED_FUNCTION = YES;
				GCC_WARN_UNUSED_VARIABLE = YES;
				MACOSX_DEPLOYMENT_TARGET = 12.5;
				MTL_ENABLE_DEBUG_INFO = INCLUDE_SOURCE;
				MTL_FAST_MATH = YES;
				ONLY_ACTIVE_ARCH = YES;
				SDKROOT = macosx;
				SWIFT_ACTIVE_COMPILATION_CONDITIONS = DEBUG;
				SWIFT_OPTIMIZATION_LEVEL = "-Onone";
			};
			name = Debug;
		};
		772C6394532B1E6A06663A34 /* Release */ = {
			isa = XCBuildConfiguration;
			buildSettings = {
				ALWAYS_SEARCH_USER_PATHS = NO;
				CLANG_ANALYZER_NONNULL = YES;
				CLANG_ANALYZER_NUMBER_OBJECT_CONVERSION = YES_AGGRESSIVE;
				CLANG_CXX_LANGUAGE_STANDARD = "gnu++20";
				CLANG_ENABLE_MODULES = YES;
				CLANG_ENABLE_OBJC_ARC = YES;
				CLANG_ENABLE_OBJC_WEAK = YES;
				CLANG_WARN_BLOCK_CAPTURE_AUTORELEASING = YES;
				CLANG_WARN_BOOL_CONVERSION = YES;
				CLANG_WARN_COMMA = YES;
				CLANG_WARN_CONSTANT_CONVERSION = YES;
				CLANG_WARN_DEPRECATED_OBJC_IMPLEMENTATIONS = YES;
				CLANG_WARN_DIRECT_OBJC_ISA_USAGE = YES_ERROR;
				CLANG_WARN_DOCUMENTATION_COMMENTS = YES;
				CLANG_WARN_EMPTY_BODY = YES;
				CLANG_WARN_ENUM_CONVERSION = YES;
				CLANG_WARN_INFINITE_RECURSION = YES;
				CLANG_WARN_INT_CONVERSION = YES;
				CLANG_WARN_NON_LITERAL_NULL_CONVERSION = YES;
				CLANG_WARN_OBJC_IMPLICIT_RETAIN_SELF = YES;
				CLANG_WARN_OBJC_LITERAL_CONVERSION = YES;
				CLANG_WARN_OBJC_ROOT_CLASS = YES_ERROR;
				CLANG_WARN_QUOTED_INCLUDE_IN_FRAMEWORK_HEADER = YES;
				CLANG_WARN_RANGE_LOOP_ANALYSIS = YES;
				CLANG_WARN_STRICT_PROTOTYPES = YES;
				CLANG_WARN_SUSPICIOUS_MOVE = YES;
				CLANG_WARN_UNGUARDED_AVAILABILITY = YES_AGGRESSIVE;
				CLANG_WARN_UNREACHABLE_CODE = YES;
				CLANG_WARN__DUPLICATE_METHOD_MATCH = YES;
				COPY_PHASE_STRIP = NO;
				DEBUG_INFORMATION_FORMAT = "dwarf-with-dsym";
				ENABLE_NS_ASSERTIONS = NO;
				ENABLE_STRICT_OBJC_MSGSEND = YES;
				GCC_C_LANGUAGE_STANDARD = gnu11;
				GCC_NO_COMMON_BLOCKS = YES;
				GCC_WARN_64_TO_32_BIT_CONVERSION = YES;
				GCC_WARN_ABOUT_RETURN_TYPE = YES_ERROR;
				GCC_WARN_UNDECLARED_SELECTOR = YES;
				GCC_WARN_UNINITIALIZED_AUTOS = YES_AGGRESSIVE;
				GCC_WARN_UNUSED_FUNCTION = YES;
				GCC_WARN_UNUSED_VARIABLE = YES;
				MACOSX_DEPLOYMENT_TARGET = 12.5;
				MTL_ENABLE_DEBUG_INFO = NO;
				MTL_FAST_MATH = YES;
				SDKROOT = macosx;
				SWIFT_COMPILATION_MODE = wholemodule;
				SWIFT_OPTIMIZATION_LEVEL = "-O";
			};
			name = Release;
		};
		772C6BFE86BEA89F1C7310BE /* Release */ = {
			isa = XCBuildConfiguration;
			buildSettings = {
				PRODUCT_NAME = "$(TARGET_NAME)";
				SWIFT_VERSION = 5.0;
			};
			name = Release;
		};
		772C6FCC158E8890E126F715 /* Debug */ = {
			isa = XCBuildConfiguration;
			buildSettings = {
				PRODUCT_NAME = "$(TARGET_NAME)";
				SWIFT_VERSION = 5.0;
			};
			name = Debug;
		};
/* End XCBuildConfiguration section */

/* Begin XCConfigurationList section */
		772C6532960F4599841D1044 /* Build configuration list for PBXNativeTarget "CartaoWeb" */ = {
			isa = XCConfigurationList;
			buildConfigurations = (
				772C6FCC158E8890E126F715 /* Debug */,
				772C6BFE86BEA89F1C7310BE /* Release */,
			);
			defaultConfigurationIsVisible = 0;
		};
		772C6C3F32E284782E033AA5 /* Build configuration list for PBXProject "CartaoWeb" */ = {
			isa = XCConfigurationList;
			buildConfigurations = (
				772C60BFB35866DCE919FFBB /* Debug */,
				772C6394532B1E6A06663A34 /* Release */,
			);
			defaultConfigurationIsVisible = 0;
			defaultConfigurationName = Release;
		};
/* End XCConfigurationList section */
	};
	rootObject = 772C605B6BC0F8C6152E3D4E /* Project object */;
}
